
Microsoft Visual Studio Solution File, Format Version 12.00
# Visual Studio 15
VisualStudioVersion = 15.0.27004.2006
MinimumVisualStudioVersion = 10.0.40219.1
Project("{FAE04EC0-301F-11D3-BF4B-00C04F79EFBC}") = "KL.Juniors.UnitTests", "KL.Juniors.UnitTests\KL.Juniors.UnitTests.csproj", "{1E1A698E-3D1B-48F8-9663-04217216B92C}"
EndProject
Global
	GlobalSection(SolutionConfigurationPlatforms) = preSolution
		Debug|Any CPU = Debug|Any CPU
		Release|Any CPU = Release|Any CPU
	EndGlobalSection
	GlobalSection(ProjectConfigurationPlatforms) = postSolution
		{1E1A698E-3D1B-48F8-9663-04217216B92C}.Debug|Any CPU.ActiveCfg = Debug|Any CPU
		{1E1A698E-3D1B-48F8-9663-04217216B92C}.Debug|Any CPU.Build.0 = Debug|Any CPU
		{1E1A698E-3D1B-48F8-9663-04217216B92C}.Release|Any CPU.ActiveCfg = Release|Any CPU
		{1E1A698E-3D1B-48F8-9663-04217216B92C}.Release|Any CPU.Build.0 = Release|Any CPU
	EndGlobalSection
	GlobalSection(SolutionProperties) = preSolution
		HideSolutionNode = FALSE
	EndGlobalSection
	GlobalSection(ExtensibilityGlobals) = postSolution
		SolutionGuid = {52828B6C-E2C2-4732-AA05-4B01C65D6B18}
	EndGlobalSection
EndGlobal
